
Microsoft Visual Studio Solution File, Format Version 12.00
# Visual Studio 2012
Project("{FAE04EC0-301F-11D3-BF4B-00C04F79EFBC}") = "DeliPro", "DeliPro\DeliPro.csproj", "{9CBCBD22-83C3-412E-817E-4EC7FE7D42BD}"
EndProject
Global
	GlobalSection(SolutionConfigurationPlatforms) = preSolution
		Debug|Any CPU = Debug|Any CPU
		Release|Any CPU = Release|Any CPU
	EndGlobalSection
	GlobalSection(ProjectConfigurationPlatforms) = postSolution
		{9CBCBD22-83C3-412E-817E-4EC7FE7D42BD}.Debug|Any CPU.ActiveCfg = Debug|Any CPU
		{9CBCBD22-83C3-412E-817E-4EC7FE7D42BD}.Debug|Any CPU.Build.0 = Debug|Any CPU
		{9CBCBD22-83C3-412E-817E-4EC7FE7D42BD}.Release|Any CPU.ActiveCfg = Release|Any CPU
		{9CBCBD22-83C3-412E-817E-4EC7FE7D42BD}.Release|Any CPU.Build.0 = Release|Any CPU
	EndGlobalSection
	GlobalSection(SolutionProperties) = preSolution
		HideSolutionNode = FALSE
	EndGlobalSection
EndGlobal
